
Microsoft Visual Studio Solution File, Format Version 12.00
# Visual Studio 15
VisualStudioVersion = 15.0.28010.2041
MinimumVisualStudioVersion = 10.0.40219.1
Project("{FAE04EC0-301F-11D3-BF4B-00C04F79EFBC}") = "MobileFlo.Android", "MobileFlo\MobileFlo.Android\MobileFlo.Android.csproj", "{E2C18C1B-935A-41B0-98CA-F356F7A2E1E0}"
EndProject
Project("{FAE04EC0-301F-11D3-BF4B-00C04F79EFBC}") = "MobileFlo.iOS", "MobileFlo\MobileFlo.iOS\MobileFlo.iOS.csproj", "{CDFCE721-EAA8-4020-9535-F3BDF5811495}"
EndProject
Project("{FAE04EC0-301F-11D3-BF4B-00C04F79EFBC}") = "MobileFlo", "MobileFlo\MobileFlo\MobileFlo.csproj", "{8CAF0A16-0A7E-4234-9C10-E400EDFE8EC9}"
EndProject
Project("{FAE04EC0-301F-11D3-BF4B-00C04F79EFBC}") = "MobileFlo.Services", "MobileFlo.Services\MobileFlo.Services.csproj", "{381ED425-86C5-4C88-9C3E-7C40A3B568B0}"
EndProject
Global
	GlobalSection(SolutionConfigurationPlatforms) = preSolution
		Ad-Hoc|Any CPU = Ad-Hoc|Any CPU
		Ad-Hoc|iPhone = Ad-Hoc|iPhone
		Ad-Hoc|iPhoneSimulator = Ad-Hoc|iPhoneSimulator
		AppStore|Any CPU = AppStore|Any CPU
		AppStore|iPhone = AppStore|iPhone
		AppStore|iPhoneSimulator = AppStore|iPhoneSimulator
		Debug|Any CPU = Debug|Any CPU
		Debug|iPhone = Debug|iPhone
		Debug|iPhoneSimulator = Debug|iPhoneSimulator
		Release|Any CPU = Release|Any CPU
		Release|iPhone = Release|iPhone
		Release|iPhoneSimulator = Release|iPhoneSimulator
	EndGlobalSection
	GlobalSection(ProjectConfigurationPlatforms) = postSolution
		{E2C18C1B-935A-41B0-98CA-F356F7A2E1E0}.Ad-Hoc|Any CPU.ActiveCfg = Release|Any CPU
		{E2C18C1B-935A-41B0-98CA-F356F7A2E1E0}.Ad-Hoc|Any CPU.Build.0 = Release|Any CPU
		{E2C18C1B-935A-41B0-98CA-F356F7A2E1E0}.Ad-Hoc|Any CPU.Deploy.0 = Release|Any CPU
		{E2C18C1B-935A-41B0-98CA-F356F7A2E1E0}.Ad-Hoc|iPhone.ActiveCfg = Release|Any CPU
		{E2C18C1B-935A-41B0-98CA-F356F7A2E1E0}.Ad-Hoc|iPhone.Build.0 = Release|Any CPU
		{E2C18C1B-935A-41B0-98CA-F356F7A2E1E0}.Ad-Hoc|iPhone.Deploy.0 = Release|Any CPU
		{E2C18C1B-935A-41B0-98CA-F356F7A2E1E0}.Ad-Hoc|iPhoneSimulator.ActiveCfg = Release|Any CPU
		{E2C18C1B-935A-41B0-98CA-F356F7A2E1E0}.Ad-Hoc|iPhoneSimulator.Build.0 = Release|Any CPU
		{E2C18C1B-935A-41B0-98CA-F356F7A2E1E0}.Ad-Hoc|iPhoneSimulator.Deploy.0 = Release|Any CPU
		{E2C18C1B-935A-41B0-98CA-F356F7A2E1E0}.AppStore|Any CPU.ActiveCfg = Release|Any CPU
		{E2C18C1B-935A-41B0-98CA-F356F7A2E1E0}.AppStore|Any CPU.Build.0 = Release|Any CPU
		{E2C18C1B-935A-41B0-98CA-F356F7A2E1E0}.AppStore|Any CPU.Deploy.0 = Release|Any CPU
		{E2C18C1B-935A-41B0-98CA-F356F7A2E1E0}.AppStore|iPhone.ActiveCfg = Release|Any CPU
		{E2C18C1B-935A-41B0-98CA-F356F7A2E1E0}.AppStore|iPhone.Build.0 = Release|Any CPU
		{E2C18C1B-935A-41B0-98CA-F356F7A2E1E0}.AppStore|iPhone.Deploy.0 = Release|Any CPU
		{E2C18C1B-935A-41B0-98CA-F356F7A2E1E0}.AppStore|iPhoneSimulator.ActiveCfg = Release|Any CPU
		{E2C18C1B-935A-41B0-98CA-F356F7A2E1E0}.AppStore|iPhoneSimulator.Build.0 = Release|Any CPU
		{E2C18C1B-935A-41B0-98CA-F356F7A2E1E0}.AppStore|iPhoneSimulator.Deploy.0 = Release|Any CPU
		{E2C18C1B-935A-41B0-98CA-F356F7A2E1E0}.Debug|Any CPU.ActiveCfg = Debug|Any CPU
		{E2C18C1B-935A-41B0-98CA-F356F7A2E1E0}.Debug|Any CPU.Build.0 = Debug|Any CPU
		{E2C18C1B-935A-41B0-98CA-F356F7A2E1E0}.Debug|Any CPU.Deploy.0 = Debug|Any CPU
		{E2C18C1B-935A-41B0-98CA-F356F7A2E1E0}.Debug|iPhone.ActiveCfg = Debug|Any CPU
		{E2C18C1B-935A-41B0-98CA-F356F7A2E1E0}.Debug|iPhone.Build.0 = Debug|Any CPU
		{E2C18C1B-935A-41B0-98CA-F356F7A2E1E0}.Debug|iPhone.Deploy.0 = Debug|Any CPU
		{E2C18C1B-935A-41B0-98CA-F356F7A2E1E0}.Debug|iPhoneSimulator.ActiveCfg = Debug|Any CPU
		{E2C18C1B-935A-41B0-98CA-F356F7A2E1E0}.Debug|iPhoneSimulator.Build.0 = Debug|Any CPU
		{E2C18C1B-935A-41B0-98CA-F356F7A2E1E0}.Debug|iPhoneSimulator.Deploy.0 = Debug|Any CPU
		{E2C18C1B-935A-41B0-98CA-F356F7A2E1E0}.Release|Any CPU.ActiveCfg = Release|Any CPU
		{E2C18C1B-935A-41B0-98CA-F356F7A2E1E0}.Release|Any CPU.Build.0 = Release|Any CPU
		{E2C18C1B-935A-41B0-98CA-F356F7A2E1E0}.Release|Any CPU.Deploy.0 = Release|Any CPU
		{E2C18C1B-935A-41B0-98CA-F356F7A2E1E0}.Release|iPhone.ActiveCfg = Release|Any CPU
		{E2C18C1B-935A-41B0-98CA-F356F7A2E1E0}.Release|iPhone.Build.0 = Release|Any CPU
		{E2C18C1B-935A-41B0-98CA-F356F7A2E1E0}.Release|iPhone.Deploy.0 = Release|Any CPU
		{E2C18C1B-935A-41B0-98CA-F356F7A2E1E0}.Release|iPhoneSimulator.ActiveCfg = Release|Any CPU
		{E2C18C1B-935A-41B0-98CA-F356F7A2E1E0}.Release|iPhoneSimulator.Build.0 = Release|Any CPU
		{E2C18C1B-935A-41B0-98CA-F356F7A2E1E0}.Release|iPhoneSimulator.Deploy.0 = Release|Any CPU
		{CDFCE721-EAA8-4020-9535-F3BDF5811495}.Ad-Hoc|Any CPU.ActiveCfg = Ad-Hoc|iPhone
		{CDFCE721-EAA8-4020-9535-F3BDF5811495}.Ad-Hoc|Any CPU.Build.0 = Ad-Hoc|iPhone
		{CDFCE721-EAA8-4020-9535-F3BDF5811495}.Ad-Hoc|Any CPU.Deploy.0 = Ad-Hoc|iPhone
		{CDFCE721-EAA8-4020-9535-F3BDF5811495}.Ad-Hoc|iPhone.ActiveCfg = Ad-Hoc|iPhone
		{CDFCE721-EAA8-4020-9535-F3BDF5811495}.Ad-Hoc|iPhone.Build.0 = Ad-Hoc|iPhone
		{CDFCE721-EAA8-4020-9535-F3BDF5811495}.Ad-Hoc|iPhone.Deploy.0 = Ad-Hoc|iPhone
		{CDFCE721-EAA8-4020-9535-F3BDF5811495}.Ad-Hoc|iPhoneSimulator.ActiveCfg = Ad-Hoc|iPhoneSimulator
		{CDFCE721-EAA8-4020-9535-F3BDF5811495}.Ad-Hoc|iPhoneSimulator.Build.0 = Ad-Hoc|iPhoneSimulator
		{CDFCE721-EAA8-4020-9535-F3BDF5811495}.Ad-Hoc|iPhoneSimulator.Deploy.0 = Ad-Hoc|iPhoneSimulator
		{CDFCE721-EAA8-4020-9535-F3BDF5811495}.AppStore|Any CPU.ActiveCfg = AppStore|iPhone
		{CDFCE721-EAA8-4020-9535-F3BDF5811495}.AppStore|Any CPU.Build.0 = AppStore|iPhone
		{CDFCE721-EAA8-4020-9535-F3BDF5811495}.AppStore|Any CPU.Deploy.0 = AppStore|iPhone
		{CDFCE721-EAA8-4020-9535-F3BDF5811495}.AppStore|iPhone.ActiveCfg = AppStore|iPhone
		{CDFCE721-EAA8-4020-9535-F3BDF5811495}.AppStore|iPhone.Build.0 = AppStore|iPhone
		{CDFCE721-EAA8-4020-9535-F3BDF5811495}.AppStore|iPhone.Deploy.0 = AppStore|iPhone
		{CDFCE721-EAA8-4020-9535-F3BDF5811495}.AppStore|iPhoneSimulator.ActiveCfg = AppStore|iPhoneSimulator
		{CDFCE721-EAA8-4020-9535-F3BDF5811495}.AppStore|iPhoneSimulator.Build.0 = AppStore|iPhoneSimulator
		{CDFCE721-EAA8-4020-9535-F3BDF5811495}.AppStore|iPhoneSimulator.Deploy.0 = AppStore|iPhoneSimulator
		{CDFCE721-EAA8-4020-9535-F3BDF5811495}.Debug|Any CPU.ActiveCfg = Debug|iPhoneSimulator
		{CDFCE721-EAA8-4020-9535-F3BDF5811495}.Debug|Any CPU.Build.0 = Debug|iPhoneSimulator
		{CDFCE721-EAA8-4020-9535-F3BDF5811495}.Debug|Any CPU.Deploy.0 = Debug|iPhoneSimulator
		{CDFCE721-EAA8-4020-9535-F3BDF5811495}.Debug|iPhone.ActiveCfg = Debug|iPhone
		{CDFCE721-EAA8-4020-9535-F3BDF5811495}.Debug|iPhone.Build.0 = Debug|iPhone
		{CDFCE721-EAA8-4020-9535-F3BDF5811495}.Debug|iPhone.Deploy.0 = Debug|iPhone
		{CDFCE721-EAA8-4020-9535-F3BDF5811495}.Debug|iPhoneSimulator.ActiveCfg = Debug|iPhoneSimulator
		{CDFCE721-EAA8-4020-9535-F3BDF5811495}.Debug|iPhoneSimulator.Build.0 = Debug|iPhoneSimulator
		{CDFCE721-EAA8-4020-9535-F3BDF5811495}.Debug|iPhoneSimulator.Deploy.0 = Debug|iPhoneSimulator
		{CDFCE721-EAA8-4020-9535-F3BDF5811495}.Release|Any CPU.ActiveCfg = Release|iPhone
		{CDFCE721-EAA8-4020-9535-F3BDF5811495}.Release|Any CPU.Build.0 = Release|iPhone
		{CDFCE721-EAA8-4020-9535-F3BDF5811495}.Release|Any CPU.Deploy.0 = Release|iPhone
		{CDFCE721-EAA8-4020-9535-F3BDF5811495}.Release|iPhone.ActiveCfg = Release|iPhone
		{CDFCE721-EAA8-4020-9535-F3BDF5811495}.Release|iPhone.Build.0 = Release|iPhone
		{CDFCE721-EAA8-4020-9535-F3BDF5811495}.Release|iPhone.Deploy.0 = Release|iPhone
		{CDFCE721-EAA8-4020-9535-F3BDF5811495}.Release|iPhoneSimulator.ActiveCfg = Release|iPhoneSimulator
		{CDFCE721-EAA8-4020-9535-F3BDF5811495}.Release|iPhoneSimulator.Build.0 = Release|iPhoneSimulator
		{CDFCE721-EAA8-4020-9535-F3BDF5811495}.Release|iPhoneSimulator.Deploy.0 = Release|iPhoneSimulator
		{8CAF0A16-0A7E-4234-9C10-E400EDFE8EC9}.Ad-Hoc|Any CPU.ActiveCfg = Debug|Any CPU
		{8CAF0A16-0A7E-4234-9C10-E400EDFE8EC9}.Ad-Hoc|Any CPU.Build.0 = Debug|Any CPU
		{8CAF0A16-0A7E-4234-9C10-E400EDFE8EC9}.Ad-Hoc|Any CPU.Deploy.0 = Debug|Any CPU
		{8CAF0A16-0A7E-4234-9C10-E400EDFE8EC9}.Ad-Hoc|iPhone.ActiveCfg = Debug|Any CPU
		{8CAF0A16-0A7E-4234-9C10-E400EDFE8EC9}.Ad-Hoc|iPhone.Build.0 = Debug|Any CPU
		{8CAF0A16-0A7E-4234-9C10-E400EDFE8EC9}.Ad-Hoc|iPhone.Deploy.0 = Debug|Any CPU
		{8CAF0A16-0A7E-4234-9C10-E400EDFE8EC9}.Ad-Hoc|iPhoneSimulator.ActiveCfg = Debug|Any CPU
		{8CAF0A16-0A7E-4234-9C10-E400EDFE8EC9}.Ad-Hoc|iPhoneSimulator.Build.0 = Debug|Any CPU
		{8CAF0A16-0A7E-4234-9C10-E400EDFE8EC9}.Ad-Hoc|iPhoneSimulator.Deploy.0 = Debug|Any CPU
		{8CAF0A16-0A7E-4234-9C10-E400EDFE8EC9}.AppStore|Any CPU.ActiveCfg = Debug|Any CPU
		{8CAF0A16-0A7E-4234-9C10-E400EDFE8EC9}.AppStore|Any CPU.Build.0 = Debug|Any CPU
		{8CAF0A16-0A7E-4234-9C10-E400EDFE8EC9}.AppStore|Any CPU.Deploy.0 = Debug|Any CPU
		{8CAF0A16-0A7E-4234-9C10-E400EDFE8EC9}.AppStore|iPhone.ActiveCfg = Debug|Any CPU
		{8CAF0A16-0A7E-4234-9C10-E400EDFE8EC9}.AppStore|iPhone.Build.0 = Debug|Any CPU
		{8CAF0A16-0A7E-4234-9C10-E400EDFE8EC9}.AppStore|iPhone.Deploy.0 = Debug|Any CPU
		{8CAF0A16-0A7E-4234-9C10-E400EDFE8EC9}.AppStore|iPhoneSimulator.ActiveCfg = Debug|Any CPU
		{8CAF0A16-0A7E-4234-9C10-E400EDFE8EC9}.AppStore|iPhoneSimulator.Build.0 = Debug|Any CPU
		{8CAF0A16-0A7E-4234-9C10-E400EDFE8EC9}.AppStore|iPhoneSimulator.Deploy.0 = Debug|Any CPU
		{8CAF0A16-0A7E-4234-9C10-E400EDFE8EC9}.Debug|Any CPU.ActiveCfg = Debug|Any CPU
		{8CAF0A16-0A7E-4234-9C10-E400EDFE8EC9}.Debug|Any CPU.Build.0 = Debug|Any CPU
		{8CAF0A16-0A7E-4234-9C10-E400EDFE8EC9}.Debug|Any CPU.Deploy.0 = Debug|Any CPU
		{8CAF0A16-0A7E-4234-9C10-E400EDFE8EC9}.Debug|iPhone.ActiveCfg = Debug|Any CPU
		{8CAF0A16-0A7E-4234-9C10-E400EDFE8EC9}.Debug|iPhone.Build.0 = Debug|Any CPU
		{8CAF0A16-0A7E-4234-9C10-E400EDFE8EC9}.Debug|iPhone.Deploy.0 = Debug|Any CPU
		{8CAF0A16-0A7E-4234-9C10-E400EDFE8EC9}.Debug|iPhoneSimulator.ActiveCfg = Debug|Any CPU
		{8CAF0A16-0A7E-4234-9C10-E400EDFE8EC9}.Debug|iPhoneSimulator.Build.0 = Debug|Any CPU
		{8CAF0A16-0A7E-4234-9C10-E400EDFE8EC9}.Debug|iPhoneSimulator.Deploy.0 = Debug|Any CPU
		{8CAF0A16-0A7E-4234-9C10-E400EDFE8EC9}.Release|Any CPU.ActiveCfg = Release|Any CPU
		{8CAF0A16-0A7E-4234-9C10-E400EDFE8EC9}.Release|Any CPU.Build.0 = Release|Any CPU
		{8CAF0A16-0A7E-4234-9C10-E400EDFE8EC9}.Release|Any CPU.Deploy.0 = Release|Any CPU
		{8CAF0A16-0A7E-4234-9C10-E400EDFE8EC9}.Release|iPhone.ActiveCfg = Release|Any CPU
		{8CAF0A16-0A7E-4234-9C10-E400EDFE8EC9}.Release|iPhone.Build.0 = Release|Any CPU
		{8CAF0A16-0A7E-4234-9C10-E400EDFE8EC9}.Release|iPhone.Deploy.0 = Release|Any CPU
		{8CAF0A16-0A7E-4234-9C10-E400EDFE8EC9}.Release|iPhoneSimulator.ActiveCfg = Release|Any CPU
		{8CAF0A16-0A7E-4234-9C10-E400EDFE8EC9}.Release|iPhoneSimulator.Build.0 = Release|Any CPU
		{8CAF0A16-0A7E-4234-9C10-E400EDFE8EC9}.Release|iPhoneSimulator.Deploy.0 = Release|Any CPU
		{381ED425-86C5-4C88-9C3E-7C40A3B568B0}.Ad-Hoc|Any CPU.ActiveCfg = Debug|Any CPU
		{381ED425-86C5-4C88-9C3E-7C40A3B568B0}.Ad-Hoc|Any CPU.Build.0 = Debug|Any CPU
		{381ED425-86C5-4C88-9C3E-7C40A3B568B0}.Ad-Hoc|iPhone.ActiveCfg = Debug|Any CPU
		{381ED425-86C5-4C88-9C3E-7C40A3B568B0}.Ad-Hoc|iPhone.Build.0 = Debug|Any CPU
		{381ED425-86C5-4C88-9C3E-7C40A3B568B0}.Ad-Hoc|iPhoneSimulator.ActiveCfg = Debug|Any CPU
		{381ED425-86C5-4C88-9C3E-7C40A3B568B0}.Ad-Hoc|iPhoneSimulator.Build.0 = Debug|Any CPU
		{381ED425-86C5-4C88-9C3E-7C40A3B568B0}.AppStore|Any CPU.ActiveCfg = Debug|Any CPU
		{381ED425-86C5-4C88-9C3E-7C40A3B568B0}.AppStore|Any CPU.Build.0 = Debug|Any CPU
		{381ED425-86C5-4C88-9C3E-7C40A3B568B0}.AppStore|iPhone.ActiveCfg = Debug|Any CPU
		{381ED425-86C5-4C88-9C3E-7C40A3B568B0}.AppStore|iPhone.Build.0 = Debug|Any CPU
		{381ED425-86C5-4C88-9C3E-7C40A3B568B0}.AppStore|iPhoneSimulator.ActiveCfg = Debug|Any CPU
		{381ED425-86C5-4C88-9C3E-7C40A3B568B0}.AppStore|iPhoneSimulator.Build.0 = Debug|Any CPU
		{381ED425-86C5-4C88-9C3E-7C40A3B568B0}.Debug|Any CPU.ActiveCfg = Debug|Any CPU
		{381ED425-86C5-4C88-9C3E-7C40A3B568B0}.Debug|Any CPU.Build.0 = Debug|Any CPU
		{381ED425-86C5-4C88-9C3E-7C40A3B568B0}.Debug|iPhone.ActiveCfg = Debug|Any CPU
		{381ED425-86C5-4C88-9C3E-7C40A3B568B0}.Debug|iPhone.Build.0 = Debug|Any CPU
		{381ED425-86C5-4C88-9C3E-7C40A3B568B0}.Debug|iPhoneSimulator.ActiveCfg = Debug|Any CPU
		{381ED425-86C5-4C88-9C3E-7C40A3B568B0}.Debug|iPhoneSimulator.Build.0 = Debug|Any CPU
		{381ED425-86C5-4C88-9C3E-7C40A3B568B0}.Release|Any CPU.ActiveCfg = Release|Any CPU
		{381ED425-86C5-4C88-9C3E-7C40A3B568B0}.Release|Any CPU.Build.0 = Release|Any CPU
		{381ED425-86C5-4C88-9C3E-7C40A3B568B0}.Release|iPhone.ActiveCfg = Release|Any CPU
		{381ED425-86C5-4C88-9C3E-7C40A3B568B0}.Release|iPhone.Build.0 = Release|Any CPU
		{381ED425-86C5-4C88-9C3E-7C40A3B568B0}.Release|iPhoneSimulator.ActiveCfg = Release|Any CPU
		{381ED425-86C5-4C88-9C3E-7C40A3B568B0}.Release|iPhoneSimulator.Build.0 = Release|Any CPU
	EndGlobalSection
	GlobalSection(SolutionProperties) = preSolution
		HideSolutionNode = FALSE
	EndGlobalSection
	GlobalSection(ExtensibilityGlobals) = postSolution
		SolutionGuid = {416DCD79-E7BE-4698-8BED-5EA9701F8689}
	EndGlobalSection
EndGlobal
